{
  "name": "@writetome51/get-data-urls",
  "version": "0.0.2",
  "lockfileVersion": 1,
  "requires": true,
  "dependencies": {
    "@writetome51/get-data-url": {
      "version": "0.0.1",
      "resolved": "https://registry.npmjs.org/@writetome51/get-data-url/-/get-data-url-0.0.1.tgz",
      "integrity": "sha512-JdPZN14Xo01VbTiicCCQrH4DbM7eDl5GpTchSFgNsbZCXn44Ukbge5SrsZ0IkaYldTANjzUH/tZj/10qoCq4yw=="
    }
  }
}
